// !$*UTF8*$!
{
	archiveVersion = 1;
	classes = {
	};
	objectVersion = 50;
	objects = {

/* Begin PBXBuildFile section */
		D072590224952BF8006C3E95 /* AppDelegate.swift in Sources */ = {isa = PBXBuildFile; fileRef = D072590124952BF8006C3E95 /* AppDelegate.swift */; };
		D072590424952BF8006C3E95 /* SceneDelegate.swift in Sources */ = {isa = PBXBuildFile; fileRef = D072590324952BF8006C3E95 /* SceneDelegate.swift */; };
		D072590624952BF8006C3E95 /* ContentView.swift in Sources */ = {isa = PBXBuildFile; fileRef = D072590524952BF8006C3E95 /* ContentView.swift */; };
		D072590824952BF9006C3E95 /* Assets.xcassets in Resources */ = {isa = PBXBuildFile; fileRef = D072590724952BF9006C3E95 /* Assets.xcassets */; };
		D072590B24952BF9006C3E95 /* Preview Assets.xcassets in Resources */ = {isa = PBXBuildFile; fileRef = D072590A24952BF9006C3E95 /* Preview Assets.xcassets */; };
		D072590E24952BF9006C3E95 /* LaunchScreen.storyboard in Resources */ = {isa = PBXBuildFile; fileRef = D072590C24952BF9006C3E95 /* LaunchScreen.storyboard */; };
		D072591624952F56006C3E95 /* Player.swift in Sources */ = {isa = PBXBuildFile; fileRef = D072591524952F56006C3E95 /* Player.swift */; };
		D0848CE52496090100FCA69D /* StatText.swift in Sources */ = {isa = PBXBuildFile; fileRef = D0848CE42496090100FCA69D /* StatText.swift */; };
		D0848CE7249612A900FCA69D /* PlayerRow.swift in Sources */ = {isa = PBXBuildFile; fileRef = D0848CE6249612A900FCA69D /* PlayerRow.swift */; };
/* End PBXBuildFile section */

/* Begin PBXFileReference section */
		D07258FE24952BF8006C3E95 /* NBA Players.app */ = {isa = PBXFileReference; explicitFileType = wrapper.application; includeInIndex = 0; path = "NBA Players.app"; sourceTree = BUILT_PRODUCTS_DIR; };
		D072590124952BF8006C3E95 /* AppDelegate.swift */ = {isa = PBXFileReference; lastKnownFileType = sourcecode.swift; path = AppDelegate.swift; sourceTree = "<group>"; };
		D072590324952BF8006C3E95 /* SceneDelegate.swift */ = {isa = PBXFileReference; lastKnownFileType = sourcecode.swift; path = SceneDelegate.swift; sourceTree = "<group>"; };
		D072590524952BF8006C3E95 /* ContentView.swift */ = {isa = PBXFileReference; lastKnownFileType = sourcecode.swift; path = ContentView.swift; sourceTree = "<group>"; };
		D072590724952BF9006C3E95 /* Assets.xcassets */ = {isa = PBXFileReference; lastKnownFileType = folder.assetcatalog; path = Assets.xcassets; sourceTree = "<group>"; };
		D072590A24952BF9006C3E95 /* Preview Assets.xcassets */ = {isa = PBXFileReference; lastKnownFileType = folder.assetcatalog; path = "Preview Assets.xcassets"; sourceTree = "<group>"; };
		D072590D24952BF9006C3E95 /* Base */ = {isa = PBXFileReference; lastKnownFileType = file.storyboard; name = Base; path = Base.lproj/LaunchScreen.storyboard; sourceTree = "<group>"; };
		D072590F24952BF9006C3E95 /* Info.plist */ = {isa = PBXFileReference; lastKnownFileType = text.plist.xml; path = Info.plist; sourceTree = "<group>"; };
		D072591524952F56006C3E95 /* Player.swift */ = {isa = PBXFileReference; fileEncoding = 4; lastKnownFileType = sourcecode.swift; path = Player.swift; sourceTree = "<group>"; };
		D0848CE42496090100FCA69D /* StatText.swift */ = {isa = PBXFileReference; lastKnownFileType = sourcecode.swift; path = StatText.swift; sourceTree = "<group>"; };
		D0848CE6249612A900FCA69D /* PlayerRow.swift */ = {isa = PBXFileReference; lastKnownFileType = sourcecode.swift; path = PlayerRow.swift; sourceTree = "<group>"; };
/* End PBXFileReference section */

/* Begin PBXFrameworksBuildPhase section */
		D07258FB24952BF8006C3E95 /* Frameworks */ = {
			isa = PBXFrameworksBuildPhase;
			buildActionMask = 2147483647;
			files = (
			);
			runOnlyForDeploymentPostprocessing = 0;
		};
/* End PBXFrameworksBuildPhase section */

/* Begin PBXGroup section */
		D07258F524952BF8006C3E95 = {
			isa = PBXGroup;
			children = (
				D072590024952BF8006C3E95 /* NBA Players */,
				D07258FF24952BF8006C3E95 /* Products */,
			);
			sourceTree = "<group>";
		};
		D07258FF24952BF8006C3E95 /* Products */ = {
			isa = PBXGroup;
			children = (
				D07258FE24952BF8006C3E95 /* NBA Players.app */,
			);
			name = Products;
			sourceTree = "<group>";
		};
		D072590024952BF8006C3E95 /* NBA Players */ = {
			isa = PBXGroup;
			children = (
				D072590124952BF8006C3E95 /* AppDelegate.swift */,
				D072590324952BF8006C3E95 /* SceneDelegate.swift */,
				D072590524952BF8006C3E95 /* ContentView.swift */,
				D0848CE42496090100FCA69D /* StatText.swift */,
				D072591524952F56006C3E95 /* Player.swift */,
				D0848CE6249612A900FCA69D /* PlayerRow.swift */,
				D072590724952BF9006C3E95 /* Assets.xcassets */,
				D072590C24952BF9006C3E95 /* LaunchScreen.storyboard */,
				D072590F24952BF9006C3E95 /* Info.plist */,
				D072590924952BF9006C3E95 /* Preview Content */,
			);
			path = "NBA Players";
			sourceTree = "<group>";
		};
		D072590924952BF9006C3E95 /* Preview Content */ = {
			isa = PBXGroup;
			children = (
				D072590A24952BF9006C3E95 /* Preview Assets.xcassets */,
			);
			path = "Preview Content";
			sourceTree = "<group>";
		};
/* End PBXGroup section */

/* Begin PBXNativeTarget section */
		D07258FD24952BF8006C3E95 /* NBA Players */ = {
			isa = PBXNativeTarget;
			buildConfigurationList = D072591224952BF9006C3E95 /* Build configuration list for PBXNativeTarget "NBA Players" */;
			buildPhases = (
				D07258FA24952BF8006C3E95 /* Sources */,
				D07258FB24952BF8006C3E95 /* Frameworks */,
				D07258FC24952BF8006C3E95 /* Resources */,
			);
			buildRules = (
			);
			dependencies = (
			);
			name = "NBA Players";
			productName = "NBA Players";
			productReference = D07258FE24952BF8006C3E95 /* NBA Players.app */;
			productType = "com.apple.product-type.application";
		};
/* End PBXNativeTarget section */

/* Begin PBXProject section */
		D07258F624952BF8006C3E95 /* Project object */ = {
			isa = PBXProject;
			attributes = {
				LastSwiftUpdateCheck = 1140;
				LastUpgradeCheck = 1140;
				ORGANIZATIONNAME = Etisalat;
				TargetAttributes = {
					D07258FD24952BF8006C3E95 = {
						CreatedOnToolsVersion = 11.4;
					};
				};
			};
			buildConfigurationList = D07258F924952BF8006C3E95 /* Build configuration list for PBXProject "NBA Players" */;
			compatibilityVersion = "Xcode 9.3";
			developmentRegion = en;
			hasScannedForEncodings = 0;
			knownRegions = (
				en,
				Base,
			);
			mainGroup = D07258F524952BF8006C3E95;
			productRefGroup = D07258FF24952BF8006C3E95 /* Products */;
			projectDirPath = "";
			projectRoot = "";
			targets = (
				D07258FD24952BF8006C3E95 /* NBA Players */,
			);
		};
/* End PBXProject section */

/* Begin PBXResourcesBuildPhase section */
		D07258FC24952BF8006C3E95 /* Resources */ = {
			isa = PBXResourcesBuildPhase;
			buildActionMask = 2147483647;
			files = (
				D072590E24952BF9006C3E95 /* LaunchScreen.storyboard in Resources */,
				D072590B24952BF9006C3E95 /* Preview Assets.xcassets in Resources */,
				D072590824952BF9006C3E95 /* Assets.xcassets in Resources */,
			);
			runOnlyForDeploymentPostprocessing = 0;
		};
/* End PBXResourcesBuildPhase section */

/* Begin PBXSourcesBuildPhase section */
		D07258FA24952BF8006C3E95 /* Sources */ = {
			isa = PBXSourcesBuildPhase;
			buildActionMask = 2147483647;
			files = (
				D072591624952F56006C3E95 /* Player.swift in Sources */,
				D072590224952BF8006C3E95 /* AppDelegate.swift in Sources */,
				D072590424952BF8006C3E95 /* SceneDelegate.swift in Sources */,
				D072590624952BF8006C3E95 /* ContentView.swift in Sources */,
				D0848CE52496090100FCA69D /* StatText.swift in Sources */,
				D0848CE7249612A900FCA69D /* PlayerRow.swift in Sources */,
			);
			runOnlyForDeploymentPostprocessing = 0;
		};
/* End PBXSourcesBuildPhase section */

/* Begin PBXVariantGroup section */
		D072590C24952BF9006C3E95 /* LaunchScreen.storyboard */ = {
			isa = PBXVariantGroup;
			children = (
				D072590D24952BF9006C3E95 /* Base */,
			);
			name = LaunchScreen.storyboard;
			sourceTree = "<group>";
		};
/* End PBXVariantGroup section */

/* Begin XCBuildConfiguration section */
		D072591024952BF9006C3E95 /* Debug */ = {
			isa = XCBuildConfiguration;
			buildSettings = {
				ALWAYS_SEARCH_USER_PATHS = NO;
				CLANG_ANALYZER_NONNULL = YES;
				CLANG_ANALYZER_NUMBER_OBJECT_CONVERSION = YES_AGGRESSIVE;
				CLANG_CXX_LANGUAGE_STANDARD = "gnu++14";
				CLANG_CXX_LIBRARY = "libc++";
				CLANG_ENABLE_MODULES = YES;
				CLANG_ENABLE_OBJC_ARC = YES;
				CLANG_ENABLE_OBJC_WEAK = YES;
				CLANG_WARN_BLOCK_CAPTURE_AUTORELEASING = YES;
				CLANG_WARN_BOOL_CONVERSION = YES;
				CLANG_WARN_COMMA = YES;
				CLANG_WARN_CONSTANT_CONVERSION = YES;
				CLANG_WARN_DEPRECATED_OBJC_IMPLEMENTATIONS = YES;
				CLANG_WARN_DIRECT_OBJC_ISA_USAGE = YES_ERROR;
				CLANG_WARN_DOCUMENTATION_COMMENTS = YES;
				CLANG_WARN_EMPTY_BODY = YES;
				CLANG_WARN_ENUM_CONVERSION = YES;
				CLANG_WARN_INFINITE_RECURSION = YES;
				CLANG_WARN_INT_CONVERSION = YES;
				CLANG_WARN_NON_LITERAL_NULL_CONVERSION = YES;
				CLANG_WARN_OBJC_IMPLICIT_RETAIN_SELF = YES;
				CLANG_WARN_OBJC_LITERAL_CONVERSION = YES;
				CLANG_WARN_OBJC_ROOT_CLASS = YES_ERROR;
				CLANG_WARN_RANGE_LOOP_ANALYSIS = YES;
				CLANG_WARN_STRICT_PROTOTYPES = YES;
				CLANG_WARN_SUSPICIOUS_MOVE = YES;
				CLANG_WARN_UNGUARDED_AVAILABILITY = YES_AGGRESSIVE;
				CLANG_WARN_UNREACHABLE_CODE = YES;
				CLANG_WARN__DUPLICATE_METHOD_MATCH = YES;
				COPY_PHASE_STRIP = NO;
				DEBUG_INFORMATION_FORMAT = dwarf;
				ENABLE_STRICT_OBJC_MSGSEND = YES;
				ENABLE_TESTABILITY = YES;
				GCC_C_LANGUAGE_STANDARD = gnu11;
				GCC_DYNAMIC_NO_PIC = NO;
				GCC_NO_COMMON_BLOCKS = YES;
				GCC_OPTIMIZATION_LEVEL = 0;
				GCC_PREPROCESSOR_DEFINITIONS = (
					"DEBUG=1",
					"$(inherited)",
				);
				GCC_WARN_64_TO_32_BIT_CONVERSION = YES;
				GCC_WARN_ABOUT_RETURN_TYPE = YES_ERROR;
				GCC_WARN_UNDECLARED_SELECTOR = YES;
				GCC_WARN_UNINITIALIZED_AUTOS = YES_AGGRESSIVE;
				GCC_WARN_UNUSED_FUNCTION = YES;
				GCC_WARN_UNUSED_VARIABLE = YES;
				IPHONEOS_DEPLOYMENT_TARGET = 13.4;
				MTL_ENABLE_DEBUG_INFO = INCLUDE_SOURCE;
				MTL_FAST_MATH = YES;
				ONLY_ACTIVE_ARCH = YES;
				SDKROOT = iphoneos;
				SWIFT_ACTIVE_COMPILATION_CONDITIONS = DEBUG;
				SWIFT_OPTIMIZATION_LEVEL = "-Onone";
			};
			name = Debug;
		};
		D072591124952BF9006C3E95 /* Release */ = {
			isa = XCBuildConfiguration;
			buildSettings = {
				ALWAYS_SEARCH_USER_PATHS = NO;
				CLANG_ANALYZER_NONNULL = YES;
				CLANG_ANALYZER_NUMBER_OBJECT_CONVERSION = YES_AGGRESSIVE;
				CLANG_CXX_LANGUAGE_STANDARD = "gnu++14";
				CLANG_CXX_LIBRARY = "libc++";
				CLANG_ENABLE_MODULES = YES;
				CLANG_ENABLE_OBJC_ARC = YES;
				CLANG_ENABLE_OBJC_WEAK = YES;
				CLANG_WARN_BLOCK_CAPTURE_AUTORELEASING = YES;
				CLANG_WARN_BOOL_CONVERSION = YES;
				CLANG_WARN_COMMA = YES;
				CLANG_WARN_CONSTANT_CONVERSION = YES;
				CLANG_WARN_DEPRECATED_OBJC_IMPLEMENTATIONS = YES;
				CLANG_WARN_DIRECT_OBJC_ISA_USAGE = YES_ERROR;
				CLANG_WARN_DOCUMENTATION_COMMENTS = YES;
				CLANG_WARN_EMPTY_BODY = YES;
				CLANG_WARN_ENUM_CONVERSION = YES;
				CLANG_WARN_INFINITE_RECURSION = YES;
				CLANG_WARN_INT_CONVERSION = YES;
				CLANG_WARN_NON_LITERAL_NULL_CONVERSION = YES;
				CLANG_WARN_OBJC_IMPLICIT_RETAIN_SELF = YES;
				CLANG_WARN_OBJC_LITERAL_CONVERSION = YES;
				CLANG_WARN_OBJC_ROOT_CLASS = YES_ERROR;
				CLANG_WARN_RANGE_LOOP_ANALYSIS = YES;
				CLANG_WARN_STRICT_PROTOTYPES = YES;
				CLANG_WARN_SUSPICIOUS_MOVE = YES;
				CLANG_WARN_UNGUARDED_AVAILABILITY = YES_AGGRESSIVE;
				CLANG_WARN_UNREACHABLE_CODE = YES;
				CLANG_WARN__DUPLICATE_METHOD_MATCH = YES;
				COPY_PHASE_STRIP = NO;
				DEBUG_INFORMATION_FORMAT = "dwarf-with-dsym";
				ENABLE_NS_ASSERTIONS = NO;
				ENABLE_STRICT_OBJC_MSGSEND = YES;
				GCC_C_LANGUAGE_STANDARD = gnu11;
				GCC_NO_COMMON_BLOCKS = YES;
				GCC_WARN_64_TO_32_BIT_CONVERSION = YES;
				GCC_WARN_ABOUT_RETURN_TYPE = YES_ERROR;
				GCC_WARN_UNDECLARED_SELECTOR = YES;
				GCC_WARN_UNINITIALIZED_AUTOS = YES_AGGRESSIVE;
				GCC_WARN_UNUSED_FUNCTION = YES;
				GCC_WARN_UNUSED_VARIABLE = YES;
				IPHONEOS_DEPLOYMENT_TARGET = 13.4;
				MTL_ENABLE_DEBUG_INFO = NO;
				MTL_FAST_MATH = YES;
				SDKROOT = iphoneos;
				SWIFT_COMPILATION_MODE = wholemodule;
				SWIFT_OPTIMIZATION_LEVEL = "-O";
				VALIDATE_PRODUCT = YES;
			};
			name = Release;
		};
		D072591324952BF9006C3E95 /* Debug */ = {
			isa = XCBuildConfiguration;
			buildSettings = {
				ASSETCATALOG_COMPILER_APPICON_NAME = AppIcon;
				CODE_SIGN_STYLE = Automatic;
				DEVELOPMENT_ASSET_PATHS = "\"NBA Players/Preview Content\"";
				DEVELOPMENT_TEAM = 9ZPBKZ7R98;
				ENABLE_PREVIEWS = YES;
				INFOPLIST_FILE = "NBA Players/Info.plist";
				LD_RUNPATH_SEARCH_PATHS = (
					"$(inherited)",
					"@executable_path/Frameworks",
				);
				PRODUCT_BUNDLE_IDENTIFIER = "Etisalat.NBA-Players";
				PRODUCT_NAME = "$(TARGET_NAME)";
				SWIFT_VERSION = 5.0;
				TARGETED_DEVICE_FAMILY = "1,2";
			};
			name = Debug;
		};
		D072591424952BF9006C3E95 /* Release */ = {
			isa = XCBuildConfiguration;
			buildSettings = {
				ASSETCATALOG_COMPILER_APPICON_NAME = AppIcon;
				CODE_SIGN_STYLE = Automatic;
				DEVELOPMENT_ASSET_PATHS = "\"NBA Players/Preview Content\"";
				DEVELOPMENT_TEAM = 9ZPBKZ7R98;
				ENABLE_PREVIEWS = YES;
				INFOPLIST_FILE = "NBA Players/Info.plist";
				LD_RUNPATH_SEARCH_PATHS = (
					"$(inherited)",
					"@executable_path/Frameworks",
				);
				PRODUCT_BUNDLE_IDENTIFIER = "Etisalat.NBA-Players";
				PRODUCT_NAME = "$(TARGET_NAME)";
				SWIFT_VERSION = 5.0;
				TARGETED_DEVICE_FAMILY = "1,2";
			};
			name = Release;
		};
/* End XCBuildConfiguration section */

/* Begin XCConfigurationList section */
		D07258F924952BF8006C3E95 /* Build configuration list for PBXProject "NBA Players" */ = {
			isa = XCConfigurationList;
			buildConfigurations = (
				D072591024952BF9006C3E95 /* Debug */,
				D072591124952BF9006C3E95 /* Release */,
			);
			defaultConfigurationIsVisible = 0;
			defaultConfigurationName = Release;
		};
		D072591224952BF9006C3E95 /* Build configuration list for PBXNativeTarget "NBA Players" */ = {
			isa = XCConfigurationList;
			buildConfigurations = (
				D072591324952BF9006C3E95 /* Debug */,
				D072591424952BF9006C3E95 /* Release */,
			);
			defaultConfigurationIsVisible = 0;
			defaultConfigurationName = Release;
		};
/* End XCConfigurationList section */
	};
	rootObject = D07258F624952BF8006C3E95 /* Project object */;
}
